
Microsoft Visual Studio Solution File, Format Version 12.00
# Visual Studio Version 16
VisualStudioVersion = 16.0.30523.141
MinimumVisualStudioVersion = 10.0.40219.1
Project("{FAE04EC0-301F-11D3-BF4B-00C04F79EFBC}") = "learn-csharp", "learn-csharp\learn-csharp.csproj", "{5F8051CA-D7A6-443B-A838-49E040799715}"
EndProject
Global
	GlobalSection(SolutionConfigurationPlatforms) = preSolution
		Debug|Any CPU = Debug|Any CPU
		Release|Any CPU = Release|Any CPU
	EndGlobalSection
	GlobalSection(ProjectConfigurationPlatforms) = postSolution
		{5F8051CA-D7A6-443B-A838-49E040799715}.Debug|Any CPU.ActiveCfg = Debug|Any CPU
		{5F8051CA-D7A6-443B-A838-49E040799715}.Debug|Any CPU.Build.0 = Debug|Any CPU
		{5F8051CA-D7A6-443B-A838-49E040799715}.Release|Any CPU.ActiveCfg = Release|Any CPU
		{5F8051CA-D7A6-443B-A838-49E040799715}.Release|Any CPU.Build.0 = Release|Any CPU
	EndGlobalSection
	GlobalSection(SolutionProperties) = preSolution
		HideSolutionNode = FALSE
	EndGlobalSection
	GlobalSection(ExtensibilityGlobals) = postSolution
		SolutionGuid = {D30F8B80-FF5F-484B-981B-CCA7731422A9}
	EndGlobalSection
EndGlobal
